// !$*UTF8*$!
{
	archiveVersion = 1;
	classes = {
	};
	objectVersion = 50;
	objects = {

/* Begin PBXBuildFile section */
		E6A844D62125BF8F003F39EA /* main.cpp in Sources */ = {isa = PBXBuildFile; fileRef = E6A844D52125BF8F003F39EA /* main.cpp */; };
		E6A844E02125C310003F39EA /* TxtFile.cpp in Sources */ = {isa = PBXBuildFile; fileRef = E6A844DF2125C310003F39EA /* TxtFile.cpp */; };
		E6A844E32125C6E1003F39EA /* DirectoryElement.cpp in Sources */ = {isa = PBXBuildFile; fileRef = E6A844E22125C6E1003F39EA /* DirectoryElement.cpp */; };
		E6A844EA2125CCB6003F39EA /* Mp3File.cpp in Sources */ = {isa = PBXBuildFile; fileRef = E6A844E82125CCB6003F39EA /* Mp3File.cpp */; };
		E6A844ED2125CDA1003F39EA /* Directory.cpp in Sources */ = {isa = PBXBuildFile; fileRef = E6A844EB2125CDA1003F39EA /* Directory.cpp */; };
/* End PBXBuildFile section */

/* Begin PBXCopyFilesBuildPhase section */
		E6A844D02125BF8F003F39EA /* CopyFiles */ = {
			isa = PBXCopyFilesBuildPhase;
			buildActionMask = 2147483647;
			dstPath = /usr/share/man/man1/;
			dstSubfolderSpec = 0;
			files = (
			);
			runOnlyForDeploymentPostprocessing = 1;
		};
/* End PBXCopyFilesBuildPhase section */

/* Begin PBXFileReference section */
		E6A844D22125BF8F003F39EA /* FileSystem */ = {isa = PBXFileReference; explicitFileType = "compiled.mach-o.executable"; includeInIndex = 0; path = FileSystem; sourceTree = BUILT_PRODUCTS_DIR; };
		E6A844D52125BF8F003F39EA /* main.cpp */ = {isa = PBXFileReference; lastKnownFileType = sourcecode.cpp.cpp; path = main.cpp; sourceTree = "<group>"; };
		E6A844DD2125C1BC003F39EA /* utTxtFile.h */ = {isa = PBXFileReference; lastKnownFileType = sourcecode.c.h; path = utTxtFile.h; sourceTree = "<group>"; };
		E6A844DE2125C276003F39EA /* TxtFile.h */ = {isa = PBXFileReference; lastKnownFileType = sourcecode.c.h; path = TxtFile.h; sourceTree = "<group>"; };
		E6A844DF2125C310003F39EA /* TxtFile.cpp */ = {isa = PBXFileReference; lastKnownFileType = sourcecode.cpp.cpp; path = TxtFile.cpp; sourceTree = "<group>"; };
		E6A844E12125C413003F39EA /* DirectoryElement.h */ = {isa = PBXFileReference; lastKnownFileType = sourcecode.c.h; path = DirectoryElement.h; sourceTree = "<group>"; };
		E6A844E22125C6E1003F39EA /* DirectoryElement.cpp */ = {isa = PBXFileReference; lastKnownFileType = sourcecode.cpp.cpp; path = DirectoryElement.cpp; sourceTree = "<group>"; };
		E6A844E42125CC27003F39EA /* utMp3File.h */ = {isa = PBXFileReference; lastKnownFileType = sourcecode.c.h; path = utMp3File.h; sourceTree = "<group>"; };
		E6A844E82125CCB6003F39EA /* Mp3File.cpp */ = {isa = PBXFileReference; lastKnownFileType = sourcecode.cpp.cpp; path = Mp3File.cpp; sourceTree = "<group>"; };
		E6A844E92125CCB6003F39EA /* Mp3File.h */ = {isa = PBXFileReference; lastKnownFileType = sourcecode.c.h; path = Mp3File.h; sourceTree = "<group>"; };
		E6A844EB2125CDA1003F39EA /* Directory.cpp */ = {isa = PBXFileReference; lastKnownFileType = sourcecode.cpp.cpp; path = Directory.cpp; sourceTree = "<group>"; };
		E6A844EC2125CDA1003F39EA /* Directory.h */ = {isa = PBXFileReference; lastKnownFileType = sourcecode.c.h; path = Directory.h; sourceTree = "<group>"; };
		E6A844F02125D8B3003F39EA /* utDirectory.h */ = {isa = PBXFileReference; lastKnownFileType = sourcecode.c.h; path = utDirectory.h; sourceTree = "<group>"; };
/* End PBXFileReference section */

/* Begin PBXFrameworksBuildPhase section */
		E6A844CF2125BF8F003F39EA /* Frameworks */ = {
			isa = PBXFrameworksBuildPhase;
			buildActionMask = 2147483647;
			files = (
			);
			runOnlyForDeploymentPostprocessing = 0;
		};
/* End PBXFrameworksBuildPhase section */

/* Begin PBXGroup section */
		E6A844C92125BF8F003F39EA = {
			isa = PBXGroup;
			children = (
				E6A844D42125BF8F003F39EA /* FileSystem */,
				E6A844D32125BF8F003F39EA /* Products */,
			);
			sourceTree = "<group>";
		};
		E6A844D32125BF8F003F39EA /* Products */ = {
			isa = PBXGroup;
			children = (
				E6A844D22125BF8F003F39EA /* FileSystem */,
			);
			name = Products;
			sourceTree = "<group>";
		};
		E6A844D42125BF8F003F39EA /* FileSystem */ = {
			isa = PBXGroup;
			children = (
				E6A844D52125BF8F003F39EA /* main.cpp */,
				E6A844E12125C413003F39EA /* DirectoryElement.h */,
				E6A844E22125C6E1003F39EA /* DirectoryElement.cpp */,
				E6A844DD2125C1BC003F39EA /* utTxtFile.h */,
				E6A844DE2125C276003F39EA /* TxtFile.h */,
				E6A844DF2125C310003F39EA /* TxtFile.cpp */,
				E6A844E42125CC27003F39EA /* utMp3File.h */,
				E6A844E92125CCB6003F39EA /* Mp3File.h */,
				E6A844E82125CCB6003F39EA /* Mp3File.cpp */,
				E6A844F02125D8B3003F39EA /* utDirectory.h */,
				E6A844EC2125CDA1003F39EA /* Directory.h */,
				E6A844EB2125CDA1003F39EA /* Directory.cpp */,
			);
			path = FileSystem;
			sourceTree = "<group>";
		};
/* End PBXGroup section */

/* Begin PBXNativeTarget section */
		E6A844D12125BF8F003F39EA /* FileSystem */ = {
			isa = PBXNativeTarget;
			buildConfigurationList = E6A844D92125BF8F003F39EA /* Build configuration list for PBXNativeTarget "FileSystem" */;
			buildPhases = (
				E6A844CE2125BF8F003F39EA /* Sources */,
				E6A844CF2125BF8F003F39EA /* Frameworks */,
				E6A844D02125BF8F003F39EA /* CopyFiles */,
			);
			buildRules = (
			);
			dependencies = (
			);
			name = FileSystem;
			productName = FileSystem;
			productReference = E6A844D22125BF8F003F39EA /* FileSystem */;
			productType = "com.apple.product-type.tool";
		};
/* End PBXNativeTarget section */

/* Begin PBXProject section */
		E6A844CA2125BF8F003F39EA /* Project object */ = {
			isa = PBXProject;
			attributes = {
				LastUpgradeCheck = 0940;
				ORGANIZATIONNAME = "陳日揚";
				TargetAttributes = {
					E6A844D12125BF8F003F39EA = {
						CreatedOnToolsVersion = 9.4.1;
					};
				};
			};
			buildConfigurationList = E6A844CD2125BF8F003F39EA /* Build configuration list for PBXProject "FileSystem" */;
			compatibilityVersion = "Xcode 9.3";
			developmentRegion = en;
			hasScannedForEncodings = 0;
			knownRegions = (
				en,
			);
			mainGroup = E6A844C92125BF8F003F39EA;
			productRefGroup = E6A844D32125BF8F003F39EA /* Products */;
			projectDirPath = "";
			projectRoot = "";
			targets = (
				E6A844D12125BF8F003F39EA /* FileSystem */,
			);
		};
/* End PBXProject section */

/* Begin PBXSourcesBuildPhase section */
		E6A844CE2125BF8F003F39EA /* Sources */ = {
			isa = PBXSourcesBuildPhase;
			buildActionMask = 2147483647;
			files = (
				E6A844EA2125CCB6003F39EA /* Mp3File.cpp in Sources */,
				E6A844ED2125CDA1003F39EA /* Directory.cpp in Sources */,
				E6A844E32125C6E1003F39EA /* DirectoryElement.cpp in Sources */,
				E6A844E02125C310003F39EA /* TxtFile.cpp in Sources */,
				E6A844D62125BF8F003F39EA /* main.cpp in Sources */,
			);
			runOnlyForDeploymentPostprocessing = 0;
		};
/* End PBXSourcesBuildPhase section */

/* Begin XCBuildConfiguration section */
		E6A844D72125BF8F003F39EA /* Debug */ = {
			isa = XCBuildConfiguration;
			buildSettings = {
				ALWAYS_SEARCH_USER_PATHS = NO;
				CLANG_ANALYZER_NONNULL = YES;
				CLANG_ANALYZER_NUMBER_OBJECT_CONVERSION = YES_AGGRESSIVE;
				CLANG_CXX_LANGUAGE_STANDARD = "gnu++14";
				CLANG_CXX_LIBRARY = "libc++";
				CLANG_ENABLE_MODULES = YES;
				CLANG_ENABLE_OBJC_ARC = YES;
				CLANG_ENABLE_OBJC_WEAK = YES;
				CLANG_WARN_BLOCK_CAPTURE_AUTORELEASING = YES;
				CLANG_WARN_BOOL_CONVERSION = YES;
				CLANG_WARN_COMMA = YES;
				CLANG_WARN_CONSTANT_CONVERSION = YES;
				CLANG_WARN_DEPRECATED_OBJC_IMPLEMENTATIONS = YES;
				CLANG_WARN_DIRECT_OBJC_ISA_USAGE = YES_ERROR;
				CLANG_WARN_DOCUMENTATION_COMMENTS = YES;
				CLANG_WARN_EMPTY_BODY = YES;
				CLANG_WARN_ENUM_CONVERSION = YES;
				CLANG_WARN_INFINITE_RECURSION = YES;
				CLANG_WARN_INT_CONVERSION = YES;
				CLANG_WARN_NON_LITERAL_NULL_CONVERSION = YES;
				CLANG_WARN_OBJC_IMPLICIT_RETAIN_SELF = YES;
				CLANG_WARN_OBJC_LITERAL_CONVERSION = YES;
				CLANG_WARN_OBJC_ROOT_CLASS = YES_ERROR;
				CLANG_WARN_RANGE_LOOP_ANALYSIS = YES;
				CLANG_WARN_STRICT_PROTOTYPES = YES;
				CLANG_WARN_SUSPICIOUS_MOVE = YES;
				CLANG_WARN_UNGUARDED_AVAILABILITY = YES_AGGRESSIVE;
				CLANG_WARN_UNREACHABLE_CODE = YES;
				CLANG_WARN__DUPLICATE_METHOD_MATCH = YES;
				CODE_SIGN_IDENTITY = "-";
				COPY_PHASE_STRIP = NO;
				DEBUG_INFORMATION_FORMAT = dwarf;
				ENABLE_STRICT_OBJC_MSGSEND = YES;
				ENABLE_TESTABILITY = YES;
				GCC_C_LANGUAGE_STANDARD = gnu11;
				GCC_DYNAMIC_NO_PIC = NO;
				GCC_NO_COMMON_BLOCKS = YES;
				GCC_OPTIMIZATION_LEVEL = 0;
				GCC_PREPROCESSOR_DEFINITIONS = (
					"DEBUG=1",
					"$(inherited)",
				);
				GCC_WARN_64_TO_32_BIT_CONVERSION = YES;
				GCC_WARN_ABOUT_RETURN_TYPE = YES_ERROR;
				GCC_WARN_UNDECLARED_SELECTOR = YES;
				GCC_WARN_UNINITIALIZED_AUTOS = YES_AGGRESSIVE;
				GCC_WARN_UNUSED_FUNCTION = YES;
				GCC_WARN_UNUSED_VARIABLE = YES;
				MACOSX_DEPLOYMENT_TARGET = 10.13;
				MTL_ENABLE_DEBUG_INFO = YES;
				ONLY_ACTIVE_ARCH = YES;
				SDKROOT = macosx;
			};
			name = Debug;
		};
		E6A844D82125BF8F003F39EA /* Release */ = {
			isa = XCBuildConfiguration;
			buildSettings = {
				ALWAYS_SEARCH_USER_PATHS = NO;
				CLANG_ANALYZER_NONNULL = YES;
				CLANG_ANALYZER_NUMBER_OBJECT_CONVERSION = YES_AGGRESSIVE;
				CLANG_CXX_LANGUAGE_STANDARD = "gnu++14";
				CLANG_CXX_LIBRARY = "libc++";
				CLANG_ENABLE_MODULES = YES;
				CLANG_ENABLE_OBJC_ARC = YES;
				CLANG_ENABLE_OBJC_WEAK = YES;
				CLANG_WARN_BLOCK_CAPTURE_AUTORELEASING = YES;
				CLANG_WARN_BOOL_CONVERSION = YES;
				CLANG_WARN_COMMA = YES;
				CLANG_WARN_CONSTANT_CONVERSION = YES;
				CLANG_WARN_DEPRECATED_OBJC_IMPLEMENTATIONS = YES;
				CLANG_WARN_DIRECT_OBJC_ISA_USAGE = YES_ERROR;
				CLANG_WARN_DOCUMENTATION_COMMENTS = YES;
				CLANG_WARN_EMPTY_BODY = YES;
				CLANG_WARN_ENUM_CONVERSION = YES;
				CLANG_WARN_INFINITE_RECURSION = YES;
				CLANG_WARN_INT_CONVERSION = YES;
				CLANG_WARN_NON_LITERAL_NULL_CONVERSION = YES;
				CLANG_WARN_OBJC_IMPLICIT_RETAIN_SELF = YES;
				CLANG_WARN_OBJC_LITERAL_CONVERSION = YES;
				CLANG_WARN_OBJC_ROOT_CLASS = YES_ERROR;
				CLANG_WARN_RANGE_LOOP_ANALYSIS = YES;
				CLANG_WARN_STRICT_PROTOTYPES = YES;
				CLANG_WARN_SUSPICIOUS_MOVE = YES;
				CLANG_WARN_UNGUARDED_AVAILABILITY = YES_AGGRESSIVE;
				CLANG_WARN_UNREACHABLE_CODE = YES;
				CLANG_WARN__DUPLICATE_METHOD_MATCH = YES;
				CODE_SIGN_IDENTITY = "-";
				COPY_PHASE_STRIP = NO;
				DEBUG_INFORMATION_FORMAT = "dwarf-with-dsym";
				ENABLE_NS_ASSERTIONS = NO;
				ENABLE_STRICT_OBJC_MSGSEND = YES;
				GCC_C_LANGUAGE_STANDARD = gnu11;
				GCC_NO_COMMON_BLOCKS = YES;
				GCC_WARN_64_TO_32_BIT_CONVERSION = YES;
				GCC_WARN_ABOUT_RETURN_TYPE = YES_ERROR;
				GCC_WARN_UNDECLARED_SELECTOR = YES;
				GCC_WARN_UNINITIALIZED_AUTOS = YES_AGGRESSIVE;
				GCC_WARN_UNUSED_FUNCTION = YES;
				GCC_WARN_UNUSED_VARIABLE = YES;
				MACOSX_DEPLOYMENT_TARGET = 10.13;
				MTL_ENABLE_DEBUG_INFO = NO;
				SDKROOT = macosx;
			};
			name = Release;
		};
		E6A844DA2125BF8F003F39EA /* Debug */ = {
			isa = XCBuildConfiguration;
			buildSettings = {
				CODE_SIGN_STYLE = Automatic;
				HEADER_SEARCH_PATHS = /usr/local/include;
				LIBRARY_SEARCH_PATHS = /usr/local/lib;
				OTHER_LDFLAGS = /usr/local/lib/libgtest.a;
				PRODUCT_NAME = "$(TARGET_NAME)";
			};
			name = Debug;
		};
		E6A844DB2125BF8F003F39EA /* Release */ = {
			isa = XCBuildConfiguration;
			buildSettings = {
				CODE_SIGN_STYLE = Automatic;
				HEADER_SEARCH_PATHS = /usr/local/include;
				LIBRARY_SEARCH_PATHS = /usr/local/lib;
				OTHER_LDFLAGS = /usr/local/lib/libgtest.a;
				PRODUCT_NAME = "$(TARGET_NAME)";
			};
			name = Release;
		};
/* End XCBuildConfiguration section */

/* Begin XCConfigurationList section */
		E6A844CD2125BF8F003F39EA /* Build configuration list for PBXProject "FileSystem" */ = {
			isa = XCConfigurationList;
			buildConfigurations = (
				E6A844D72125BF8F003F39EA /* Debug */,
				E6A844D82125BF8F003F39EA /* Release */,
			);
			defaultConfigurationIsVisible = 0;
			defaultConfigurationName = Release;
		};
		E6A844D92125BF8F003F39EA /* Build configuration list for PBXNativeTarget "FileSystem" */ = {
			isa = XCConfigurationList;
			buildConfigurations = (
				E6A844DA2125BF8F003F39EA /* Debug */,
				E6A844DB2125BF8F003F39EA /* Release */,
			);
			defaultConfigurationIsVisible = 0;
			defaultConfigurationName = Release;
		};
/* End XCConfigurationList section */
	};
	rootObject = E6A844CA2125BF8F003F39EA /* Project object */;
}
